
Microsoft Visual Studio Solution File, Format Version 12.00
# Visual Studio Version 16
VisualStudioVersion = 16.0.30413.136
MinimumVisualStudioVersion = 10.0.40219.1
Project("{888888A0-9F3D-457C-B088-3A5042F75D52}") = "SemanticNetworkProject", "SemanticNetworkProject\SemanticNetworkProject.pyproj", "{0D4A60F3-67DA-45D0-886A-BBCCD758A1AA}"
EndProject
Global
	GlobalSection(SolutionConfigurationPlatforms) = preSolution
		Debug|Any CPU = Debug|Any CPU
		Release|Any CPU = Release|Any CPU
	EndGlobalSection
	GlobalSection(ProjectConfigurationPlatforms) = postSolution
		{0D4A60F3-67DA-45D0-886A-BBCCD758A1AA}.Debug|Any CPU.ActiveCfg = Debug|Any CPU
		{0D4A60F3-67DA-45D0-886A-BBCCD758A1AA}.Release|Any CPU.ActiveCfg = Release|Any CPU
	EndGlobalSection
	GlobalSection(SolutionProperties) = preSolution
		HideSolutionNode = FALSE
	EndGlobalSection
	GlobalSection(ExtensibilityGlobals) = postSolution
		SolutionGuid = {2BF7CF8C-98D3-4F88-AC83-2164C08C455E}
	EndGlobalSection
EndGlobal
